
Microsoft Visual Studio Solution File, Format Version 12.00
# Visual Studio 14
VisualStudioVersion = 14.0.24720.0
MinimumVisualStudioVersion = 10.0.40219.1
Project("{FAE04EC0-301F-11D3-BF4B-00C04F79EFBC}") = "V01_InnovtionWebAPP", "V01_InnovtionWebAPP\V01_InnovtionWebAPP.csproj", "{7149987A-5FCC-4BE8-BD24-304E13A013BE}"
EndProject
Global
	GlobalSection(SolutionConfigurationPlatforms) = preSolution
		Debug|Any CPU = Debug|Any CPU
		Release|Any CPU = Release|Any CPU
	EndGlobalSection
	GlobalSection(ProjectConfigurationPlatforms) = postSolution
		{7149987A-5FCC-4BE8-BD24-304E13A013BE}.Debug|Any CPU.ActiveCfg = Debug|Any CPU
		{7149987A-5FCC-4BE8-BD24-304E13A013BE}.Debug|Any CPU.Build.0 = Debug|Any CPU
		{7149987A-5FCC-4BE8-BD24-304E13A013BE}.Release|Any CPU.ActiveCfg = Release|Any CPU
		{7149987A-5FCC-4BE8-BD24-304E13A013BE}.Release|Any CPU.Build.0 = Release|Any CPU
	EndGlobalSection
	GlobalSection(SolutionProperties) = preSolution
		HideSolutionNode = FALSE
	EndGlobalSection
EndGlobal
